// !$*UTF8*$!
{
	archiveVersion = 1;
	classes = {
	};
	objectVersion = 46;
	objects = {

/* Begin PBXBuildFile section */
		42F4FE3801F1438966FD070F /* Pods.framework in Frameworks */ = {isa = PBXBuildFile; fileRef = DC6E7E1A1C9BAD8E663A54F6 /* Pods.framework */; };
		ED344C941C9B14DA008643F9 /* AboutUsVC.swift in Sources */ = {isa = PBXBuildFile; fileRef = ED344C7C1C9B14DA008643F9 /* AboutUsVC.swift */; };
		ED344C951C9B14DA008643F9 /* AddAddressVC.swift in Sources */ = {isa = PBXBuildFile; fileRef = ED344C7D1C9B14DA008643F9 /* AddAddressVC.swift */; };
		ED344C961C9B14DA008643F9 /* AppSignInVC.swift in Sources */ = {isa = PBXBuildFile; fileRef = ED344C7E1C9B14DA008643F9 /* AppSignInVC.swift */; };
		ED344C971C9B14DA008643F9 /* CartBillView.swift in Sources */ = {isa = PBXBuildFile; fileRef = ED344C7F1C9B14DA008643F9 /* CartBillView.swift */; };
		ED344C981C9B14DA008643F9 /* CartVC.swift in Sources */ = {isa = PBXBuildFile; fileRef = ED344C801C9B14DA008643F9 /* CartVC.swift */; };
		ED344C991C9B14DA008643F9 /* ContactUsVC.swift in Sources */ = {isa = PBXBuildFile; fileRef = ED344C811C9B14DA008643F9 /* ContactUsVC.swift */; };
		ED344C9A1C9B14DA008643F9 /* DatePickerVC.swift in Sources */ = {isa = PBXBuildFile; fileRef = ED344C821C9B14DA008643F9 /* DatePickerVC.swift */; };
		ED344C9B1C9B14DA008643F9 /* DummyVC.swift in Sources */ = {isa = PBXBuildFile; fileRef = ED344C831C9B14DA008643F9 /* DummyVC.swift */; };
		ED344C9C1C9B14DA008643F9 /* FeedBackVC.swift in Sources */ = {isa = PBXBuildFile; fileRef = ED344C841C9B14DA008643F9 /* FeedBackVC.swift */; };
		ED344C9D1C9B14DA008643F9 /* ItemPreViewVC.swift in Sources */ = {isa = PBXBuildFile; fileRef = ED344C851C9B14DA008643F9 /* ItemPreViewVC.swift */; };
		ED344C9E1C9B14DA008643F9 /* LocationPicker.swift in Sources */ = {isa = PBXBuildFile; fileRef = ED344C861C9B14DA008643F9 /* LocationPicker.swift */; };
		ED344C9F1C9B14DA008643F9 /* LocationPickerVC.swift in Sources */ = {isa = PBXBuildFile; fileRef = ED344C871C9B14DA008643F9 /* LocationPickerVC.swift */; };
		ED344CA01C9B14DA008643F9 /* MenuVC.swift in Sources */ = {isa = PBXBuildFile; fileRef = ED344C881C9B14DA008643F9 /* MenuVC.swift */; };
		ED344CA11C9B14DA008643F9 /* MyOrderDetailsVC.swift in Sources */ = {isa = PBXBuildFile; fileRef = ED344C891C9B14DA008643F9 /* MyOrderDetailsVC.swift */; };
		ED344CA21C9B14DA008643F9 /* MyOrdersVC.swift in Sources */ = {isa = PBXBuildFile; fileRef = ED344C8A1C9B14DA008643F9 /* MyOrdersVC.swift */; };
		ED344CA31C9B14DA008643F9 /* OfferNotificationsVC.swift in Sources */ = {isa = PBXBuildFile; fileRef = ED344C8B1C9B14DA008643F9 /* OfferNotificationsVC.swift */; };
		ED344CA41C9B14DA008643F9 /* OrderStatusVC.swift in Sources */ = {isa = PBXBuildFile; fileRef = ED344C8C1C9B14DA008643F9 /* OrderStatusVC.swift */; };
		ED344CA51C9B14DA008643F9 /* ReferralVC.swift in Sources */ = {isa = PBXBuildFile; fileRef = ED344C8D1C9B14DA008643F9 /* ReferralVC.swift */; };
		ED344CA61C9B14DA008643F9 /* RegistrationVC.swift in Sources */ = {isa = PBXBuildFile; fileRef = ED344C8E1C9B14DA008643F9 /* RegistrationVC.swift */; };
		ED344CA71C9B14DA008643F9 /* SideMenuContentVC.swift in Sources */ = {isa = PBXBuildFile; fileRef = ED344C8F1C9B14DA008643F9 /* SideMenuContentVC.swift */; };
		ED344CA81C9B14DA008643F9 /* SignInVC.swift in Sources */ = {isa = PBXBuildFile; fileRef = ED344C901C9B14DA008643F9 /* SignInVC.swift */; };
		ED344CA91C9B14DA008643F9 /* TermsVC.swift in Sources */ = {isa = PBXBuildFile; fileRef = ED344C911C9B14DA008643F9 /* TermsVC.swift */; };
		ED344CAA1C9B14DA008643F9 /* UserOrderDetails.swift in Sources */ = {isa = PBXBuildFile; fileRef = ED344C921C9B14DA008643F9 /* UserOrderDetails.swift */; };
		ED344CAB1C9B14DA008643F9 /* ViewController.swift in Sources */ = {isa = PBXBuildFile; fileRef = ED344C931C9B14DA008643F9 /* ViewController.swift */; };
		ED344CC61C9B1526008643F9 /* ActivityIndicator.swift in Sources */ = {isa = PBXBuildFile; fileRef = ED344CAC1C9B1526008643F9 /* ActivityIndicator.swift */; };
		ED344CC71C9B1526008643F9 /* AddAddressCell.swift in Sources */ = {isa = PBXBuildFile; fileRef = ED344CAD1C9B1526008643F9 /* AddAddressCell.swift */; };
		ED344CC81C9B1526008643F9 /* AddressCell.swift in Sources */ = {isa = PBXBuildFile; fileRef = ED344CAE1C9B1526008643F9 /* AddressCell.swift */; };
		ED344CC91C9B1526008643F9 /* ChangeCell.swift in Sources */ = {isa = PBXBuildFile; fileRef = ED344CAF1C9B1526008643F9 /* ChangeCell.swift */; };
		ED344CCA1C9B1526008643F9 /* Constants.swift in Sources */ = {isa = PBXBuildFile; fileRef = ED344CB01C9B1526008643F9 /* Constants.swift */; };
		ED344CCB1C9B1526008643F9 /* CouponCodeCell.swift in Sources */ = {isa = PBXBuildFile; fileRef = ED344CB11C9B1526008643F9 /* CouponCodeCell.swift */; };
		ED344CCC1C9B1526008643F9 /* CustomSegment.swift in Sources */ = {isa = PBXBuildFile; fileRef = ED344CB21C9B1526008643F9 /* CustomSegment.swift */; };
		ED344CCD1C9B1526008643F9 /* DatePicker.swift in Sources */ = {isa = PBXBuildFile; fileRef = ED344CB31C9B1526008643F9 /* DatePicker.swift */; };
		ED344CCE1C9B1526008643F9 /* Deliveryaddress.swift in Sources */ = {isa = PBXBuildFile; fileRef = ED344CB41C9B1526008643F9 /* Deliveryaddress.swift */; };
		ED344CCF1C9B1526008643F9 /* Deliverylocation.swift in Sources */ = {isa = PBXBuildFile; fileRef = ED344CB51C9B1526008643F9 /* Deliverylocation.swift */; };
		ED344CD01C9B1526008643F9 /* Deliverytime.swift in Sources */ = {isa = PBXBuildFile; fileRef = ED344CB61C9B1526008643F9 /* Deliverytime.swift */; };
		ED344CD11C9B1526008643F9 /* Helper.swift in Sources */ = {isa = PBXBuildFile; fileRef = ED344CB71C9B1526008643F9 /* Helper.swift */; };
		ED344CD21C9B1526008643F9 /* MenuItemCell.swift in Sources */ = {isa = PBXBuildFile; fileRef = ED344CB81C9B1526008643F9 /* MenuItemCell.swift */; };
		ED344CD31C9B1526008643F9 /* MyOrderCell.swift in Sources */ = {isa = PBXBuildFile; fileRef = ED344CB91C9B1526008643F9 /* MyOrderCell.swift */; };
		ED344CD41C9B1526008643F9 /* MyOrdersDetailsCell.swift in Sources */ = {isa = PBXBuildFile; fileRef = ED344CBA1C9B1526008643F9 /* MyOrdersDetailsCell.swift */; };
		ED344CD51C9B1526008643F9 /* OffersCell.swift in Sources */ = {isa = PBXBuildFile; fileRef = ED344CBB1C9B1526008643F9 /* OffersCell.swift */; };
		ED344CD61C9B1526008643F9 /* PaymentModeCell.swift in Sources */ = {isa = PBXBuildFile; fileRef = ED344CBC1C9B1526008643F9 /* PaymentModeCell.swift */; };
		ED344CD71C9B1526008643F9 /* PopCell.swift in Sources */ = {isa = PBXBuildFile; fileRef = ED344CBD1C9B1526008643F9 /* PopCell.swift */; };
		ED344CD81C9B1526008643F9 /* ProductsCell.swift in Sources */ = {isa = PBXBuildFile; fileRef = ED344CBE1C9B1526008643F9 /* ProductsCell.swift */; };
		ED344CD91C9B1526008643F9 /* RedeemCell.swift in Sources */ = {isa = PBXBuildFile; fileRef = ED344CBF1C9B1526008643F9 /* RedeemCell.swift */; };
		ED344CDA1C9B1526008643F9 /* SideMenuCell.swift in Sources */ = {isa = PBXBuildFile; fileRef = ED344CC01C9B1526008643F9 /* SideMenuCell.swift */; };
		ED344CDB1C9B1526008643F9 /* TimeSlotCell.swift in Sources */ = {isa = PBXBuildFile; fileRef = ED344CC11C9B1526008643F9 /* TimeSlotCell.swift */; };
		ED344CDC1C9B1526008643F9 /* TotalBill.swift in Sources */ = {isa = PBXBuildFile; fileRef = ED344CC21C9B1526008643F9 /* TotalBill.swift */; };
		ED344CDD1C9B1526008643F9 /* VitaminCell.swift in Sources */ = {isa = PBXBuildFile; fileRef = ED344CC31C9B1526008643F9 /* VitaminCell.swift */; };
		ED344CDE1C9B1526008643F9 /* VitaminCollectionView.swift in Sources */ = {isa = PBXBuildFile; fileRef = ED344CC41C9B1526008643F9 /* VitaminCollectionView.swift */; };
		ED344CDF1C9B1526008643F9 /* Yourdetails.swift in Sources */ = {isa = PBXBuildFile; fileRef = ED344CC51C9B1526008643F9 /* Yourdetails.swift */; };
		ED344CE91C9B1536008643F9 /* AddOnsTableCell.xib in Resources */ = {isa = PBXBuildFile; fileRef = ED344CE01C9B1536008643F9 /* AddOnsTableCell.xib */; };
		ED344CEA1C9B1536008643F9 /* CartBillView.xib in Resources */ = {isa = PBXBuildFile; fileRef = ED344CE11C9B1536008643F9 /* CartBillView.xib */; };
		ED344CEB1C9B1536008643F9 /* CustomSegment.xib in Resources */ = {isa = PBXBuildFile; fileRef = ED344CE21C9B1536008643F9 /* CustomSegment.xib */; };
		ED344CEC1C9B1536008643F9 /* MenuItemCell.xib in Resources */ = {isa = PBXBuildFile; fileRef = ED344CE31C9B1536008643F9 /* MenuItemCell.xib */; };
		ED344CED1C9B1536008643F9 /* MyOrderCell.xib in Resources */ = {isa = PBXBuildFile; fileRef = ED344CE41C9B1536008643F9 /* MyOrderCell.xib */; };
		ED344CEE1C9B1536008643F9 /* MyOrdersDetailsCell.xib in Resources */ = {isa = PBXBuildFile; fileRef = ED344CE51C9B1536008643F9 /* MyOrdersDetailsCell.xib */; };
		ED344CEF1C9B1536008643F9 /* PopCell.xib in Resources */ = {isa = PBXBuildFile; fileRef = ED344CE61C9B1536008643F9 /* PopCell.xib */; };
		ED344CF01C9B1536008643F9 /* SideMenuCell.xib in Resources */ = {isa = PBXBuildFile; fileRef = ED344CE71C9B1536008643F9 /* SideMenuCell.xib */; };
		ED344CF11C9B1536008643F9 /* VitaminCell.xib in Resources */ = {isa = PBXBuildFile; fileRef = ED344CE81C9B1536008643F9 /* VitaminCell.xib */; };
		ED344CF41C9B19EB008643F9 /* FloatRatingView.swift in Sources */ = {isa = PBXBuildFile; fileRef = ED344CF31C9B19EB008643F9 /* FloatRatingView.swift */; };
		ED344CF81C9B1A65008643F9 /* FilterVC.swift in Sources */ = {isa = PBXBuildFile; fileRef = ED344CF71C9B1A65008643F9 /* FilterVC.swift */; };
		ED5B216F1BF612B700C65857 /* UserDetails.swift in Sources */ = {isa = PBXBuildFile; fileRef = ED5B216D1BF612B700C65857 /* UserDetails.swift */; };
		ED5B217F1BF76D3400C65857 /* Offer+CoreDataProperties.swift in Sources */ = {isa = PBXBuildFile; fileRef = ED5B21761BF76D3400C65857 /* Offer+CoreDataProperties.swift */; };
		ED5B21801BF76D3400C65857 /* Offer.swift in Sources */ = {isa = PBXBuildFile; fileRef = ED5B21771BF76D3400C65857 /* Offer.swift */; };
		ED5B21811BF76D3400C65857 /* TimeSlots+CoreDataProperties.swift in Sources */ = {isa = PBXBuildFile; fileRef = ED5B21781BF76D3400C65857 /* TimeSlots+CoreDataProperties.swift */; };
		ED5B21821BF76D3400C65857 /* TimeSlots.swift in Sources */ = {isa = PBXBuildFile; fileRef = ED5B21791BF76D3400C65857 /* TimeSlots.swift */; };
		ED5B21831BF76D3400C65857 /* Locations+CoreDataProperties.swift in Sources */ = {isa = PBXBuildFile; fileRef = ED5B217A1BF76D3400C65857 /* Locations+CoreDataProperties.swift */; };
		ED5B21841BF76D3400C65857 /* Locations.swift in Sources */ = {isa = PBXBuildFile; fileRef = ED5B217B1BF76D3400C65857 /* Locations.swift */; };
		ED5B21851BF76D3400C65857 /* UserDetails+CoreDataProperties.swift in Sources */ = {isa = PBXBuildFile; fileRef = ED5B217C1BF76D3400C65857 /* UserDetails+CoreDataProperties.swift */; };
		ED5B21861BF76D3400C65857 /* Item+CoreDataProperties.swift in Sources */ = {isa = PBXBuildFile; fileRef = ED5B217D1BF76D3400C65857 /* Item+CoreDataProperties.swift */; };
		ED5B21871BF76D3400C65857 /* Item.swift in Sources */ = {isa = PBXBuildFile; fileRef = ED5B217E1BF76D3400C65857 /* Item.swift */; };
		ED709AA31C29AA960068528C /* Fooddetails.swift in Sources */ = {isa = PBXBuildFile; fileRef = ED709AA11C29AA960068528C /* Fooddetails.swift */; };
		ED709AA41C29AA960068528C /* Fooddetails+CoreDataProperties.swift in Sources */ = {isa = PBXBuildFile; fileRef = ED709AA21C29AA960068528C /* Fooddetails+CoreDataProperties.swift */; };
		ED722B171BE09A33003DC9F2 /* AppDelegate.swift in Sources */ = {isa = PBXBuildFile; fileRef = ED722B161BE09A33003DC9F2 /* AppDelegate.swift */; };
		ED722B1F1BE09A33003DC9F2 /* MyBreakFast.xcdatamodeld in Sources */ = {isa = PBXBuildFile; fileRef = ED722B1D1BE09A33003DC9F2 /* MyBreakFast.xcdatamodeld */; };
		ED722B211BE09A33003DC9F2 /* Assets.xcassets in Resources */ = {isa = PBXBuildFile; fileRef = ED722B201BE09A33003DC9F2 /* Assets.xcassets */; };
		ED722B241BE09A33003DC9F2 /* LaunchScreen.storyboard in Resources */ = {isa = PBXBuildFile; fileRef = ED722B221BE09A33003DC9F2 /* LaunchScreen.storyboard */; };
		ED996EAA1C2C63E70017284A /* Main.storyboard in Resources */ = {isa = PBXBuildFile; fileRef = ED996EA81C2C63E70017284A /* Main.storyboard */; };
		ED996EB31C30CA960017284A /* UserAddress+CoreDataProperties.swift in Sources */ = {isa = PBXBuildFile; fileRef = ED996EB11C30CA960017284A /* UserAddress+CoreDataProperties.swift */; };
		ED996EB41C30CA960017284A /* UserAddress.swift in Sources */ = {isa = PBXBuildFile; fileRef = ED996EB21C30CA960017284A /* UserAddress.swift */; };
		EDA736D11BE4DF3700AC9884 /* GoogleService-Info.plist in Resources */ = {isa = PBXBuildFile; fileRef = EDA736D01BE4DF3700AC9884 /* GoogleService-Info.plist */; };
		EDBA06B61C00D7BC00BE09B3 /* MyOrder+CoreDataProperties.swift in Sources */ = {isa = PBXBuildFile; fileRef = EDBA06B41C00D7BC00BE09B3 /* MyOrder+CoreDataProperties.swift */; };
		EDBA06B71C00D7BC00BE09B3 /* MyOrder.swift in Sources */ = {isa = PBXBuildFile; fileRef = EDBA06B51C00D7BC00BE09B3 /* MyOrder.swift */; };
		EDC572261C7AD1210018F11C /* CustomPresentationAnimationController.swift in Sources */ = {isa = PBXBuildFile; fileRef = EDC572231C7AD1210018F11C /* CustomPresentationAnimationController.swift */; };
		EDC572271C7AD1210018F11C /* CustomPresentationController.swift in Sources */ = {isa = PBXBuildFile; fileRef = EDC572241C7AD1210018F11C /* CustomPresentationController.swift */; };
		EDC572281C7AD1210018F11C /* CustomModalViewController.swift in Sources */ = {isa = PBXBuildFile; fileRef = EDC572251C7AD1210018F11C /* CustomModalViewController.swift */; };
		EDCC2AE51C339F0800C15C3B /* Order.swift in Sources */ = {isa = PBXBuildFile; fileRef = EDCC2AE41C339F0800C15C3B /* Order.swift */; };
		EDCC2AE71C339F6500C15C3B /* OrderItem.swift in Sources */ = {isa = PBXBuildFile; fileRef = EDCC2AE61C339F6500C15C3B /* OrderItem.swift */; };
		EDE5E03C1C4FEB690044E819 /* Kitchens+CoreDataProperties.swift in Sources */ = {isa = PBXBuildFile; fileRef = EDE5E03A1C4FEB690044E819 /* Kitchens+CoreDataProperties.swift */; };
		EDE5E03D1C4FEB690044E819 /* Kitchens.swift in Sources */ = {isa = PBXBuildFile; fileRef = EDE5E03B1C4FEB690044E819 /* Kitchens.swift */; };
		EDE7F1F41C57DBB30063F855 /* Coupon.swift in Sources */ = {isa = PBXBuildFile; fileRef = EDE7F1F31C57DBB30063F855 /* Coupon.swift */; };
/* End PBXBuildFile section */

/* Begin PBXFileReference section */
		A83BCDDAA0B52B48CF8F04BD /* Pods.debug.xcconfig */ = {isa = PBXFileReference; includeInIndex = 1; lastKnownFileType = text.xcconfig; name = Pods.debug.xcconfig; path = "Pods/Target Support Files/Pods/Pods.debug.xcconfig"; sourceTree = "<group>"; };
		C02CB2CC5C006A15257050EC /* Pods.release.xcconfig */ = {isa = PBXFileReference; includeInIndex = 1; lastKnownFileType = text.xcconfig; name = Pods.release.xcconfig; path = "Pods/Target Support Files/Pods/Pods.release.xcconfig"; sourceTree = "<group>"; };
		DC6E7E1A1C9BAD8E663A54F6 /* Pods.framework */ = {isa = PBXFileReference; explicitFileType = wrapper.framework; includeInIndex = 0; path = Pods.framework; sourceTree = BUILT_PRODUCTS_DIR; };
		ED344C7C1C9B14DA008643F9 /* AboutUsVC.swift */ = {isa = PBXFileReference; fileEncoding = 4; lastKnownFileType = sourcecode.swift; name = AboutUsVC.swift; path = Controllers/AboutUsVC.swift; sourceTree = "<group>"; };
		ED344C7D1C9B14DA008643F9 /* AddAddressVC.swift */ = {isa = PBXFileReference; fileEncoding = 4; lastKnownFileType = sourcecode.swift; name = AddAddressVC.swift; path = Controllers/AddAddressVC.swift; sourceTree = "<group>"; };
		ED344C7E1C9B14DA008643F9 /* AppSignInVC.swift */ = {isa = PBXFileReference; fileEncoding = 4; lastKnownFileType = sourcecode.swift; name = AppSignInVC.swift; path = Controllers/AppSignInVC.swift; sourceTree = "<group>"; };
		ED344C7F1C9B14DA008643F9 /* CartBillView.swift */ = {isa = PBXFileReference; fileEncoding = 4; lastKnownFileType = sourcecode.swift; name = CartBillView.swift; path = Controllers/CartBillView.swift; sourceTree = "<group>"; };
		ED344C801C9B14DA008643F9 /* CartVC.swift */ = {isa = PBXFileReference; fileEncoding = 4; lastKnownFileType = sourcecode.swift; name = CartVC.swift; path = Controllers/CartVC.swift; sourceTree = "<group>"; };
		ED344C811C9B14DA008643F9 /* ContactUsVC.swift */ = {isa = PBXFileReference; fileEncoding = 4; lastKnownFileType = sourcecode.swift; name = ContactUsVC.swift; path = Controllers/ContactUsVC.swift; sourceTree = "<group>"; };
		ED344C821C9B14DA008643F9 /* DatePickerVC.swift */ = {isa = PBXFileReference; fileEncoding = 4; lastKnownFileType = sourcecode.swift; name = DatePickerVC.swift; path = Controllers/DatePickerVC.swift; sourceTree = "<group>"; };
		ED344C831C9B14DA008643F9 /* DummyVC.swift */ = {isa = PBXFileReference; fileEncoding = 4; lastKnownFileType = sourcecode.swift; name = DummyVC.swift; path = Controllers/DummyVC.swift; sourceTree = "<group>"; };
		ED344C841C9B14DA008643F9 /* FeedBackVC.swift */ = {isa = PBXFileReference; fileEncoding = 4; lastKnownFileType = sourcecode.swift; name = FeedBackVC.swift; path = Controllers/FeedBackVC.swift; sourceTree = "<group>"; };
		ED344C851C9B14DA008643F9 /* ItemPreViewVC.swift */ = {isa = PBXFileReference; fileEncoding = 4; lastKnownFileType = sourcecode.swift; name = ItemPreViewVC.swift; path = Controllers/ItemPreViewVC.swift; sourceTree = "<group>"; };
		ED344C861C9B14DA008643F9 /* LocationPicker.swift */ = {isa = PBXFileReference; fileEncoding = 4; lastKnownFileType = sourcecode.swift; name = LocationPicker.swift; path = Controllers/LocationPicker.swift; sourceTree = "<group>"; };
		ED344C871C9B14DA008643F9 /* LocationPickerVC.swift */ = {isa = PBXFileReference; fileEncoding = 4; lastKnownFileType = sourcecode.swift; name = LocationPickerVC.swift; path = Controllers/LocationPickerVC.swift; sourceTree = "<group>"; };
		ED344C881C9B14DA008643F9 /* MenuVC.swift */ = {isa = PBXFileReference; fileEncoding = 4; lastKnownFileType = sourcecode.swift; name = MenuVC.swift; path = Controllers/MenuVC.swift; sourceTree = "<group>"; };
		ED344C891C9B14DA008643F9 /* MyOrderDetailsVC.swift */ = {isa = PBXFileReference; fileEncoding = 4; lastKnownFileType = sourcecode.swift; name = MyOrderDetailsVC.swift; path = Controllers/MyOrderDetailsVC.swift; sourceTree = "<group>"; };
		ED344C8A1C9B14DA008643F9 /* MyOrdersVC.swift */ = {isa = PBXFileReference; fileEncoding = 4; lastKnownFileType = sourcecode.swift; name = MyOrdersVC.swift; path = Controllers/MyOrdersVC.swift; sourceTree = "<group>"; };
		ED344C8B1C9B14DA008643F9 /* OfferNotificationsVC.swift */ = {isa = PBXFileReference; fileEncoding = 4; lastKnownFileType = sourcecode.swift; name = OfferNotificationsVC.swift; path = Controllers/OfferNotificationsVC.swift; sourceTree = "<group>"; };
		ED344C8C1C9B14DA008643F9 /* OrderStatusVC.swift */ = {isa = PBXFileReference; fileEncoding = 4; lastKnownFileType = sourcecode.swift; name = OrderStatusVC.swift; path = Controllers/OrderStatusVC.swift; sourceTree = "<group>"; };
		ED344C8D1C9B14DA008643F9 /* ReferralVC.swift */ = {isa = PBXFileReference; fileEncoding = 4; lastKnownFileType = sourcecode.swift; name = ReferralVC.swift; path = Controllers/ReferralVC.swift; sourceTree = "<group>"; };
		ED344C8E1C9B14DA008643F9 /* RegistrationVC.swift */ = {isa = PBXFileReference; fileEncoding = 4; lastKnownFileType = sourcecode.swift; name = RegistrationVC.swift; path = Controllers/RegistrationVC.swift; sourceTree = "<group>"; };
		ED344C8F1C9B14DA008643F9 /* SideMenuContentVC.swift */ = {isa = PBXFileReference; fileEncoding = 4; lastKnownFileType = sourcecode.swift; name = SideMenuContentVC.swift; path = Controllers/SideMenuContentVC.swift; sourceTree = "<group>"; };
		ED344C901C9B14DA008643F9 /* SignInVC.swift */ = {isa = PBXFileReference; fileEncoding = 4; lastKnownFileType = sourcecode.swift; name = SignInVC.swift; path = Controllers/SignInVC.swift; sourceTree = "<group>"; };
		ED344C911C9B14DA008643F9 /* TermsVC.swift */ = {isa = PBXFileReference; fileEncoding = 4; lastKnownFileType = sourcecode.swift; name = TermsVC.swift; path = Controllers/TermsVC.swift; sourceTree = "<group>"; };
		ED344C921C9B14DA008643F9 /* UserOrderDetails.swift */ = {isa = PBXFileReference; fileEncoding = 4; lastKnownFileType = sourcecode.swift; name = UserOrderDetails.swift; path = Controllers/UserOrderDetails.swift; sourceTree = "<group>"; };
		ED344C931C9B14DA008643F9 /* ViewController.swift */ = {isa = PBXFileReference; fileEncoding = 4; lastKnownFileType = sourcecode.swift; name = ViewController.swift; path = Controllers/ViewController.swift; sourceTree = "<group>"; };
		ED344CAC1C9B1526008643F9 /* ActivityIndicator.swift */ = {isa = PBXFileReference; fileEncoding = 4; lastKnownFileType = sourcecode.swift; name = ActivityIndicator.swift; path = Views/ActivityIndicator.swift; sourceTree = "<group>"; };
		ED344CAD1C9B1526008643F9 /* AddAddressCell.swift */ = {isa = PBXFileReference; fileEncoding = 4; lastKnownFileType = sourcecode.swift; name = AddAddressCell.swift; path = Views/AddAddressCell.swift; sourceTree = "<group>"; };
		ED344CAE1C9B1526008643F9 /* AddressCell.swift */ = {isa = PBXFileReference; fileEncoding = 4; lastKnownFileType = sourcecode.swift; name = AddressCell.swift; path = Views/AddressCell.swift; sourceTree = "<group>"; };
		ED344CAF1C9B1526008643F9 /* ChangeCell.swift */ = {isa = PBXFileReference; fileEncoding = 4; lastKnownFileType = sourcecode.swift; name = ChangeCell.swift; path = Views/ChangeCell.swift; sourceTree = "<group>"; };
		ED344CB01C9B1526008643F9 /* Constants.swift */ = {isa = PBXFileReference; fileEncoding = 4; lastKnownFileType = sourcecode.swift; name = Constants.swift; path = Views/Constants.swift; sourceTree = "<group>"; };
		ED344CB11C9B1526008643F9 /* CouponCodeCell.swift */ = {isa = PBXFileReference; fileEncoding = 4; lastKnownFileType = sourcecode.swift; name = CouponCodeCell.swift; path = Views/CouponCodeCell.swift; sourceTree = "<group>"; };
		ED344CB21C9B1526008643F9 /* CustomSegment.swift */ = {isa = PBXFileReference; fileEncoding = 4; lastKnownFileType = sourcecode.swift; name = CustomSegment.swift; path = Views/CustomSegment.swift; sourceTree = "<group>"; };
		ED344CB31C9B1526008643F9 /* DatePicker.swift */ = {isa = PBXFileReference; fileEncoding = 4; lastKnownFileType = sourcecode.swift; name = DatePicker.swift; path = Views/DatePicker.swift; sourceTree = "<group>"; };
		ED344CB41C9B1526008643F9 /* Deliveryaddress.swift */ = {isa = PBXFileReference; fileEncoding = 4; lastKnownFileType = sourcecode.swift; name = Deliveryaddress.swift; path = Views/Deliveryaddress.swift; sourceTree = "<group>"; };
		ED344CB51C9B1526008643F9 /* Deliverylocation.swift */ = {isa = PBXFileReference; fileEncoding = 4; lastKnownFileType = sourcecode.swift; name = Deliverylocation.swift; path = Views/Deliverylocation.swift; sourceTree = "<group>"; };
		ED344CB61C9B1526008643F9 /* Deliverytime.swift */ = {isa = PBXFileReference; fileEncoding = 4; lastKnownFileType = sourcecode.swift; name = Deliverytime.swift; path = Views/Deliverytime.swift; sourceTree = "<group>"; };
		ED344CB71C9B1526008643F9 /* Helper.swift */ = {isa = PBXFileReference; fileEncoding = 4; lastKnownFileType = sourcecode.swift; name = Helper.swift; path = Views/Helper.swift; sourceTree = "<group>"; };
		ED344CB81C9B1526008643F9 /* MenuItemCell.swift */ = {isa = PBXFileReference; fileEncoding = 4; lastKnownFileType = sourcecode.swift; name = MenuItemCell.swift; path = Views/MenuItemCell.swift; sourceTree = "<group>"; };
		ED344CB91C9B1526008643F9 /* MyOrderCell.swift */ = {isa = PBXFileReference; fileEncoding = 4; lastKnownFileType = sourcecode.swift; name = MyOrderCell.swift; path = Views/MyOrderCell.swift; sourceTree = "<group>"; };
		ED344CBA1C9B1526008643F9 /* MyOrdersDetailsCell.swift */ = {isa = PBXFileReference; fileEncoding = 4; lastKnownFileType = sourcecode.swift; name = MyOrdersDetailsCell.swift; path = Views/MyOrdersDetailsCell.swift; sourceTree = "<group>"; };
		ED344CBB1C9B1526008643F9 /* OffersCell.swift */ = {isa = PBXFileReference; fileEncoding = 4; lastKnownFileType = sourcecode.swift; name = OffersCell.swift; path = Views/OffersCell.swift; sourceTree = "<group>"; };
		ED344CBC1C9B1526008643F9 /* PaymentModeCell.swift */ = {isa = PBXFileReference; fileEncoding = 4; lastKnownFileType = sourcecode.swift; name = PaymentModeCell.swift; path = Views/PaymentModeCell.swift; sourceTree = "<group>"; };
		ED344CBD1C9B1526008643F9 /* PopCell.swift */ = {isa = PBXFileReference; fileEncoding = 4; lastKnownFileType = sourcecode.swift; name = PopCell.swift; path = Views/PopCell.swift; sourceTree = "<group>"; };
		ED344CBE1C9B1526008643F9 /* ProductsCell.swift */ = {isa = PBXFileReference; fileEncoding = 4; lastKnownFileType = sourcecode.swift; name = ProductsCell.swift; path = Views/ProductsCell.swift; sourceTree = "<group>"; };
		ED344CBF1C9B1526008643F9 /* RedeemCell.swift */ = {isa = PBXFileReference; fileEncoding = 4; lastKnownFileType = sourcecode.swift; name = RedeemCell.swift; path = Views/RedeemCell.swift; sourceTree = "<group>"; };
		ED344CC01C9B1526008643F9 /* SideMenuCell.swift */ = {isa = PBXFileReference; fileEncoding = 4; lastKnownFileType = sourcecode.swift; name = SideMenuCell.swift; path = Views/SideMenuCell.swift; sourceTree = "<group>"; };
		ED344CC11C9B1526008643F9 /* TimeSlotCell.swift */ = {isa = PBXFileReference; fileEncoding = 4; lastKnownFileType = sourcecode.swift; name = TimeSlotCell.swift; path = Views/TimeSlotCell.swift; sourceTree = "<group>"; };
		ED344CC21C9B1526008643F9 /* TotalBill.swift */ = {isa = PBXFileReference; fileEncoding = 4; lastKnownFileType = sourcecode.swift; name = TotalBill.swift; path = Views/TotalBill.swift; sourceTree = "<group>"; };
		ED344CC31C9B1526008643F9 /* VitaminCell.swift */ = {isa = PBXFileReference; fileEncoding = 4; lastKnownFileType = sourcecode.swift; name = VitaminCell.swift; path = Views/VitaminCell.swift; sourceTree = "<group>"; };
		ED344CC41C9B1526008643F9 /* VitaminCollectionView.swift */ = {isa = PBXFileReference; fileEncoding = 4; lastKnownFileType = sourcecode.swift; name = VitaminCollectionView.swift; path = Views/VitaminCollectionView.swift; sourceTree = "<group>"; };
		ED344CC51C9B1526008643F9 /* Yourdetails.swift */ = {isa = PBXFileReference; fileEncoding = 4; lastKnownFileType = sourcecode.swift; name = Yourdetails.swift; path = Views/Yourdetails.swift; sourceTree = "<group>"; };
		ED344CE01C9B1536008643F9 /* AddOnsTableCell.xib */ = {isa = PBXFileReference; fileEncoding = 4; lastKnownFileType = file.xib; name = AddOnsTableCell.xib; path = Views/Xibs/AddOnsTableCell.xib; sourceTree = "<group>"; };
		ED344CE11C9B1536008643F9 /* CartBillView.xib */ = {isa = PBXFileReference; fileEncoding = 4; lastKnownFileType = file.xib; name = CartBillView.xib; path = Views/Xibs/CartBillView.xib; sourceTree = "<group>"; };
		ED344CE21C9B1536008643F9 /* CustomSegment.xib */ = {isa = PBXFileReference; fileEncoding = 4; lastKnownFileType = file.xib; name = CustomSegment.xib; path = Views/Xibs/CustomSegment.xib; sourceTree = "<group>"; };
		ED344CE31C9B1536008643F9 /* MenuItemCell.xib */ = {isa = PBXFileReference; fileEncoding = 4; lastKnownFileType = file.xib; name = MenuItemCell.xib; path = Views/Xibs/MenuItemCell.xib; sourceTree = "<group>"; };
		ED344CE41C9B1536008643F9 /* MyOrderCell.xib */ = {isa = PBXFileReference; fileEncoding = 4; lastKnownFileType = file.xib; name = MyOrderCell.xib; path = Views/Xibs/MyOrderCell.xib; sourceTree = "<group>"; };
		ED344CE51C9B1536008643F9 /* MyOrdersDetailsCell.xib */ = {isa = PBXFileReference; fileEncoding = 4; lastKnownFileType = file.xib; name = MyOrdersDetailsCell.xib; path = Views/Xibs/MyOrdersDetailsCell.xib; sourceTree = "<group>"; };
		ED344CE61C9B1536008643F9 /* PopCell.xib */ = {isa = PBXFileReference; fileEncoding = 4; lastKnownFileType = file.xib; name = PopCell.xib; path = Views/Xibs/PopCell.xib; sourceTree = "<group>"; };
		ED344CE71C9B1536008643F9 /* SideMenuCell.xib */ = {isa = PBXFileReference; fileEncoding = 4; lastKnownFileType = file.xib; name = SideMenuCell.xib; path = Views/Xibs/SideMenuCell.xib; sourceTree = "<group>"; };
		ED344CE81C9B1536008643F9 /* VitaminCell.xib */ = {isa = PBXFileReference; fileEncoding = 4; lastKnownFileType = file.xib; name = VitaminCell.xib; path = Views/Xibs/VitaminCell.xib; sourceTree = "<group>"; };
		ED344CF31C9B19EB008643F9 /* FloatRatingView.swift */ = {isa = PBXFileReference; fileEncoding = 4; lastKnownFileType = sourcecode.swift; name = FloatRatingView.swift; path = Views/FloatRatingView.swift; sourceTree = "<group>"; };
		ED344CF71C9B1A65008643F9 /* FilterVC.swift */ = {isa = PBXFileReference; fileEncoding = 4; lastKnownFileType = sourcecode.swift; name = FilterVC.swift; path = Controllers/FilterVC.swift; sourceTree = "<group>"; };
		ED5B216D1BF612B700C65857 /* UserDetails.swift */ = {isa = PBXFileReference; fileEncoding = 4; lastKnownFileType = sourcecode.swift; name = UserDetails.swift; path = Models/UserDetails.swift; sourceTree = "<group>"; };
		ED5B21761BF76D3400C65857 /* Offer+CoreDataProperties.swift */ = {isa = PBXFileReference; fileEncoding = 4; lastKnownFileType = sourcecode.swift; name = "Offer+CoreDataProperties.swift"; path = "Models/Offer+CoreDataProperties.swift"; sourceTree = "<group>"; };
		ED5B21771BF76D3400C65857 /* Offer.swift */ = {isa = PBXFileReference; fileEncoding = 4; lastKnownFileType = sourcecode.swift; name = Offer.swift; path = Models/Offer.swift; sourceTree = "<group>"; };
		ED5B21781BF76D3400C65857 /* TimeSlots+CoreDataProperties.swift */ = {isa = PBXFileReference; fileEncoding = 4; lastKnownFileType = sourcecode.swift; name = "TimeSlots+CoreDataProperties.swift"; path = "Models/TimeSlots+CoreDataProperties.swift"; sourceTree = "<group>"; };
		ED5B21791BF76D3400C65857 /* TimeSlots.swift */ = {isa = PBXFileReference; fileEncoding = 4; lastKnownFileType = sourcecode.swift; name = TimeSlots.swift; path = Models/TimeSlots.swift; sourceTree = "<group>"; };
		ED5B217A1BF76D3400C65857 /* Locations+CoreDataProperties.swift */ = {isa = PBXFileReference; fileEncoding = 4; lastKnownFileType = sourcecode.swift; name = "Locations+CoreDataProperties.swift"; path = "Models/Locations+CoreDataProperties.swift"; sourceTree = "<group>"; };
		ED5B217B1BF76D3400C65857 /* Locations.swift */ = {isa = PBXFileReference; fileEncoding = 4; lastKnownFileType = sourcecode.swift; name = Locations.swift; path = Models/Locations.swift; sourceTree = "<group>"; };
		ED5B217C1BF76D3400C65857 /* UserDetails+CoreDataProperties.swift */ = {isa = PBXFileReference; fileEncoding = 4; lastKnownFileType = sourcecode.swift; name = "UserDetails+CoreDataProperties.swift"; path = "Models/UserDetails+CoreDataProperties.swift"; sourceTree = "<group>"; };
		ED5B217D1BF76D3400C65857 /* Item+CoreDataProperties.swift */ = {isa = PBXFileReference; fileEncoding = 4; lastKnownFileType = sourcecode.swift; name = "Item+CoreDataProperties.swift"; path = "Models/Item+CoreDataProperties.swift"; sourceTree = "<group>"; };
		ED5B217E1BF76D3400C65857 /* Item.swift */ = {isa = PBXFileReference; fileEncoding = 4; lastKnownFileType = sourcecode.swift; name = Item.swift; path = Models/Item.swift; sourceTree = "<group>"; };
		ED709AA11C29AA960068528C /* Fooddetails.swift */ = {isa = PBXFileReference; fileEncoding = 4; lastKnownFileType = sourcecode.swift; name = Fooddetails.swift; path = Models/Fooddetails.swift; sourceTree = "<group>"; };
		ED709AA21C29AA960068528C /* Fooddetails+CoreDataProperties.swift */ = {isa = PBXFileReference; fileEncoding = 4; lastKnownFileType = sourcecode.swift; name = "Fooddetails+CoreDataProperties.swift"; path = "Models/Fooddetails+CoreDataProperties.swift"; sourceTree = "<group>"; };
		ED722B131BE09A33003DC9F2 /* MyBreakFast.app */ = {isa = PBXFileReference; explicitFileType = wrapper.application; includeInIndex = 0; path = MyBreakFast.app; sourceTree = BUILT_PRODUCTS_DIR; };
		ED722B161BE09A33003DC9F2 /* AppDelegate.swift */ = {isa = PBXFileReference; lastKnownFileType = sourcecode.swift; path = AppDelegate.swift; sourceTree = "<group>"; };
		ED722B1E1BE09A33003DC9F2 /* MyBreakFast.xcdatamodel */ = {isa = PBXFileReference; lastKnownFileType = wrapper.xcdatamodel; path = MyBreakFast.xcdatamodel; sourceTree = "<group>"; };
		ED722B201BE09A33003DC9F2 /* Assets.xcassets */ = {isa = PBXFileReference; lastKnownFileType = folder.assetcatalog; path = Assets.xcassets; sourceTree = "<group>"; };
		ED722B231BE09A33003DC9F2 /* Base */ = {isa = PBXFileReference; lastKnownFileType = file.storyboard; name = Base; path = Base.lproj/LaunchScreen.storyboard; sourceTree = "<group>"; };
		ED722B251BE09A33003DC9F2 /* Info.plist */ = {isa = PBXFileReference; lastKnownFileType = text.plist.xml; path = Info.plist; sourceTree = "<group>"; };
		ED8687681C973271008DCCAC /* MyBreakFast 2.xcdatamodel */ = {isa = PBXFileReference; lastKnownFileType = wrapper.xcdatamodel; path = "MyBreakFast 2.xcdatamodel"; sourceTree = "<group>"; };
		ED996EA91C2C63E70017284A /* Base */ = {isa = PBXFileReference; lastKnownFileType = file.storyboard; name = Base; path = Base.lproj/Main.storyboard; sourceTree = "<group>"; };
		ED996EB11C30CA960017284A /* UserAddress+CoreDataProperties.swift */ = {isa = PBXFileReference; fileEncoding = 4; lastKnownFileType = sourcecode.swift; name = "UserAddress+CoreDataProperties.swift"; path = "Models/UserAddress+CoreDataProperties.swift"; sourceTree = "<group>"; };
		ED996EB21C30CA960017284A /* UserAddress.swift */ = {isa = PBXFileReference; fileEncoding = 4; lastKnownFileType = sourcecode.swift; name = UserAddress.swift; path = Models/UserAddress.swift; sourceTree = "<group>"; };
		EDA09EF01BFC24C5000470CB /* CoreLocation.framework */ = {isa = PBXFileReference; lastKnownFileType = wrapper.framework; name = CoreLocation.framework; path = System/Library/Frameworks/CoreLocation.framework; sourceTree = SDKROOT; };
		EDA736D01BE4DF3700AC9884 /* GoogleService-Info.plist */ = {isa = PBXFileReference; fileEncoding = 4; lastKnownFileType = text.plist.xml; name = "GoogleService-Info.plist"; path = "Resources/GoogleService-Info.plist"; sourceTree = "<group>"; };
		EDA736D21BE4E05C00AC9884 /* MyBreakFast-Bridging-Header.h */ = {isa = PBXFileReference; lastKnownFileType = sourcecode.c.h; path = "MyBreakFast-Bridging-Header.h"; sourceTree = "<group>"; };
		EDA736D91BE4F10E00AC9884 /* AddressBook.framework */ = {isa = PBXFileReference; lastKnownFileType = wrapper.framework; name = AddressBook.framework; path = System/Library/Frameworks/AddressBook.framework; sourceTree = SDKROOT; };
		EDA736DB1BE4F11400AC9884 /* SystemConfiguration.framework */ = {isa = PBXFileReference; lastKnownFileType = wrapper.framework; name = SystemConfiguration.framework; path = System/Library/Frameworks/SystemConfiguration.framework; sourceTree = SDKROOT; };
		EDA736DD1BE4F14D00AC9884 /* StoreKit.framework */ = {isa = PBXFileReference; lastKnownFileType = wrapper.framework; name = StoreKit.framework; path = System/Library/Frameworks/StoreKit.framework; sourceTree = SDKROOT; };
		EDBA06B41C00D7BC00BE09B3 /* MyOrder+CoreDataProperties.swift */ = {isa = PBXFileReference; fileEncoding = 4; lastKnownFileType = sourcecode.swift; name = "MyOrder+CoreDataProperties.swift"; path = "Models/MyOrder+CoreDataProperties.swift"; sourceTree = "<group>"; };
		EDBA06B51C00D7BC00BE09B3 /* MyOrder.swift */ = {isa = PBXFileReference; fileEncoding = 4; lastKnownFileType = sourcecode.swift; name = MyOrder.swift; path = Models/MyOrder.swift; sourceTree = "<group>"; };
		EDC572231C7AD1210018F11C /* CustomPresentationAnimationController.swift */ = {isa = PBXFileReference; fileEncoding = 4; lastKnownFileType = sourcecode.swift; name = CustomPresentationAnimationController.swift; path = CustomModalVC/CustomPresentationAnimationController.swift; sourceTree = "<group>"; };
		EDC572241C7AD1210018F11C /* CustomPresentationController.swift */ = {isa = PBXFileReference; fileEncoding = 4; lastKnownFileType = sourcecode.swift; name = CustomPresentationController.swift; path = CustomModalVC/CustomPresentationController.swift; sourceTree = "<group>"; };
		EDC572251C7AD1210018F11C /* CustomModalViewController.swift */ = {isa = PBXFileReference; fileEncoding = 4; lastKnownFileType = sourcecode.swift; name = CustomModalViewController.swift; path = CustomModalVC/CustomModalViewController.swift; sourceTree = "<group>"; };
		EDCC2AE41C339F0800C15C3B /* Order.swift */ = {isa = PBXFileReference; fileEncoding = 4; lastKnownFileType = sourcecode.swift; name = Order.swift; path = Models/Order.swift; sourceTree = "<group>"; };
		EDCC2AE61C339F6500C15C3B /* OrderItem.swift */ = {isa = PBXFileReference; fileEncoding = 4; lastKnownFileType = sourcecode.swift; name = OrderItem.swift; path = Models/OrderItem.swift; sourceTree = "<group>"; };
		EDE5E03A1C4FEB690044E819 /* Kitchens+CoreDataProperties.swift */ = {isa = PBXFileReference; fileEncoding = 4; lastKnownFileType = sourcecode.swift; name = "Kitchens+CoreDataProperties.swift"; path = "Models/Kitchens+CoreDataProperties.swift"; sourceTree = "<group>"; };
		EDE5E03B1C4FEB690044E819 /* Kitchens.swift */ = {isa = PBXFileReference; fileEncoding = 4; lastKnownFileType = sourcecode.swift; name = Kitchens.swift; path = Models/Kitchens.swift; sourceTree = "<group>"; };
		EDE7F1F31C57DBB30063F855 /* Coupon.swift */ = {isa = PBXFileReference; fileEncoding = 4; lastKnownFileType = sourcecode.swift; name = Coupon.swift; path = Models/Coupon.swift; sourceTree = "<group>"; };
/* End PBXFileReference section */

/* Begin PBXFrameworksBuildPhase section */
		ED722B101BE09A33003DC9F2 /* Frameworks */ = {
			isa = PBXFrameworksBuildPhase;
			buildActionMask = 2147483647;
			files = (
				42F4FE3801F1438966FD070F /* Pods.framework in Frameworks */,
			);
			runOnlyForDeploymentPostprocessing = 0;
		};
/* End PBXFrameworksBuildPhase section */

/* Begin PBXGroup section */
		937BD884ED0712A7D853FBD3 /* Pods */ = {
			isa = PBXGroup;
			children = (
				A83BCDDAA0B52B48CF8F04BD /* Pods.debug.xcconfig */,
				C02CB2CC5C006A15257050EC /* Pods.release.xcconfig */,
			);
			name = Pods;
			sourceTree = "<group>";
		};
		ED344C791C9B14AB008643F9 /* Controllers */ = {
			isa = PBXGroup;
			children = (
				ED344CF71C9B1A65008643F9 /* FilterVC.swift */,
				ED344C7C1C9B14DA008643F9 /* AboutUsVC.swift */,
				ED344C7D1C9B14DA008643F9 /* AddAddressVC.swift */,
				ED344C7E1C9B14DA008643F9 /* AppSignInVC.swift */,
				ED344C7F1C9B14DA008643F9 /* CartBillView.swift */,
				ED344C801C9B14DA008643F9 /* CartVC.swift */,
				ED344C811C9B14DA008643F9 /* ContactUsVC.swift */,
				ED344C821C9B14DA008643F9 /* DatePickerVC.swift */,
				ED344C831C9B14DA008643F9 /* DummyVC.swift */,
				ED344C841C9B14DA008643F9 /* FeedBackVC.swift */,
				ED344C851C9B14DA008643F9 /* ItemPreViewVC.swift */,
				ED344C861C9B14DA008643F9 /* LocationPicker.swift */,
				ED344C871C9B14DA008643F9 /* LocationPickerVC.swift */,
				ED344C881C9B14DA008643F9 /* MenuVC.swift */,
				ED344C891C9B14DA008643F9 /* MyOrderDetailsVC.swift */,
				ED344C8A1C9B14DA008643F9 /* MyOrdersVC.swift */,
				ED344C8B1C9B14DA008643F9 /* OfferNotificationsVC.swift */,
				ED344C8C1C9B14DA008643F9 /* OrderStatusVC.swift */,
				ED344C8D1C9B14DA008643F9 /* ReferralVC.swift */,
				ED344C8E1C9B14DA008643F9 /* RegistrationVC.swift */,
				ED344C8F1C9B14DA008643F9 /* SideMenuContentVC.swift */,
				ED344C901C9B14DA008643F9 /* SignInVC.swift */,
				ED344C911C9B14DA008643F9 /* TermsVC.swift */,
				ED344C921C9B14DA008643F9 /* UserOrderDetails.swift */,
				ED344C931C9B14DA008643F9 /* ViewController.swift */,
			);
			name = Controllers;
			sourceTree = "<group>";
		};
		ED344C7A1C9B14B4008643F9 /* Views */ = {
			isa = PBXGroup;
			children = (
				ED344CF31C9B19EB008643F9 /* FloatRatingView.swift */,
				ED344CAC1C9B1526008643F9 /* ActivityIndicator.swift */,
				ED344CAD1C9B1526008643F9 /* AddAddressCell.swift */,
				ED344CAE1C9B1526008643F9 /* AddressCell.swift */,
				ED344CAF1C9B1526008643F9 /* ChangeCell.swift */,
				ED344CB11C9B1526008643F9 /* CouponCodeCell.swift */,
				ED344CB21C9B1526008643F9 /* CustomSegment.swift */,
				ED344CB31C9B1526008643F9 /* DatePicker.swift */,
				ED344CB41C9B1526008643F9 /* Deliveryaddress.swift */,
				ED344CB51C9B1526008643F9 /* Deliverylocation.swift */,
				ED344CB61C9B1526008643F9 /* Deliverytime.swift */,
				ED344CB81C9B1526008643F9 /* MenuItemCell.swift */,
				ED344CB91C9B1526008643F9 /* MyOrderCell.swift */,
				ED344CBA1C9B1526008643F9 /* MyOrdersDetailsCell.swift */,
				ED344CBB1C9B1526008643F9 /* OffersCell.swift */,
				ED344CBC1C9B1526008643F9 /* PaymentModeCell.swift */,
				ED344CBD1C9B1526008643F9 /* PopCell.swift */,
				ED344CBE1C9B1526008643F9 /* ProductsCell.swift */,
				ED344CBF1C9B1526008643F9 /* RedeemCell.swift */,
				ED344CC01C9B1526008643F9 /* SideMenuCell.swift */,
				ED344CC11C9B1526008643F9 /* TimeSlotCell.swift */,
				ED344CC21C9B1526008643F9 /* TotalBill.swift */,
				ED344CC31C9B1526008643F9 /* VitaminCell.swift */,
				ED344CC41C9B1526008643F9 /* VitaminCollectionView.swift */,
				ED344CC51C9B1526008643F9 /* Yourdetails.swift */,
				ED344C7B1C9B14BF008643F9 /* Xibs */,
			);
			name = Views;
			sourceTree = "<group>";
		};
		ED344C7B1C9B14BF008643F9 /* Xibs */ = {
			isa = PBXGroup;
			children = (
				ED344CE01C9B1536008643F9 /* AddOnsTableCell.xib */,
				ED344CE11C9B1536008643F9 /* CartBillView.xib */,
				ED344CE21C9B1536008643F9 /* CustomSegment.xib */,
				ED344CE31C9B1536008643F9 /* MenuItemCell.xib */,
				ED344CE41C9B1536008643F9 /* MyOrderCell.xib */,
				ED344CE51C9B1536008643F9 /* MyOrdersDetailsCell.xib */,
				ED344CE61C9B1536008643F9 /* PopCell.xib */,
				ED344CE71C9B1536008643F9 /* SideMenuCell.xib */,
				ED344CE81C9B1536008643F9 /* VitaminCell.xib */,
			);
			name = Xibs;
			sourceTree = "<group>";
		};
		ED5B216B1BF612A300C65857 /* Models */ = {
			isa = PBXGroup;
			children = (
				EDE5E03A1C4FEB690044E819 /* Kitchens+CoreDataProperties.swift */,
				EDE5E03B1C4FEB690044E819 /* Kitchens.swift */,
				ED996EB11C30CA960017284A /* UserAddress+CoreDataProperties.swift */,
				ED996EB21C30CA960017284A /* UserAddress.swift */,
				ED709AA11C29AA960068528C /* Fooddetails.swift */,
				ED709AA21C29AA960068528C /* Fooddetails+CoreDataProperties.swift */,
				EDBA06B41C00D7BC00BE09B3 /* MyOrder+CoreDataProperties.swift */,
				EDBA06B51C00D7BC00BE09B3 /* MyOrder.swift */,
				ED5B21761BF76D3400C65857 /* Offer+CoreDataProperties.swift */,
				ED5B21771BF76D3400C65857 /* Offer.swift */,
				ED5B21781BF76D3400C65857 /* TimeSlots+CoreDataProperties.swift */,
				ED5B21791BF76D3400C65857 /* TimeSlots.swift */,
				ED5B217A1BF76D3400C65857 /* Locations+CoreDataProperties.swift */,
				ED5B217B1BF76D3400C65857 /* Locations.swift */,
				ED5B217C1BF76D3400C65857 /* UserDetails+CoreDataProperties.swift */,
				ED5B217D1BF76D3400C65857 /* Item+CoreDataProperties.swift */,
				ED5B217E1BF76D3400C65857 /* Item.swift */,
				ED5B216D1BF612B700C65857 /* UserDetails.swift */,
				EDCC2AE41C339F0800C15C3B /* Order.swift */,
				EDCC2AE61C339F6500C15C3B /* OrderItem.swift */,
				EDE7F1F31C57DBB30063F855 /* Coupon.swift */,
			);
			name = Models;
			sourceTree = "<group>";
		};
		ED722B0A1BE09A33003DC9F2 = {
			isa = PBXGroup;
			children = (
				ED722B151BE09A33003DC9F2 /* MyBreakFast */,
				ED722B141BE09A33003DC9F2 /* Products */,
				937BD884ED0712A7D853FBD3 /* Pods */,
				FCCBE4C75107B921E1C15ABB /* Frameworks */,
			);
			sourceTree = "<group>";
		};
		ED722B141BE09A33003DC9F2 /* Products */ = {
			isa = PBXGroup;
			children = (
				ED722B131BE09A33003DC9F2 /* MyBreakFast.app */,
			);
			name = Products;
			sourceTree = "<group>";
		};
		ED722B151BE09A33003DC9F2 /* MyBreakFast */ = {
			isa = PBXGroup;
			children = (
				ED344C7A1C9B14B4008643F9 /* Views */,
				ED344C791C9B14AB008643F9 /* Controllers */,
				EDC572221C7AD08F0018F11C /* CustomModalVC */,
				ED5B216B1BF612A300C65857 /* Models */,
				ED344CB01C9B1526008643F9 /* Constants.swift */,
				ED344CB71C9B1526008643F9 /* Helper.swift */,
				ED722B161BE09A33003DC9F2 /* AppDelegate.swift */,
				ED996EA81C2C63E70017284A /* Main.storyboard */,
				ED722B221BE09A33003DC9F2 /* LaunchScreen.storyboard */,
				EDA736C11BE4DB1800AC9884 /* Resources */,
				ED722B201BE09A33003DC9F2 /* Assets.xcassets */,
				ED722B251BE09A33003DC9F2 /* Info.plist */,
				ED722B1D1BE09A33003DC9F2 /* MyBreakFast.xcdatamodeld */,
			);
			path = MyBreakFast;
			sourceTree = "<group>";
		};
		EDA736C11BE4DB1800AC9884 /* Resources */ = {
			isa = PBXGroup;
			children = (
				EDA736D01BE4DF3700AC9884 /* GoogleService-Info.plist */,
				EDA736D21BE4E05C00AC9884 /* MyBreakFast-Bridging-Header.h */,
			);
			name = Resources;
			sourceTree = "<group>";
		};
		EDC572221C7AD08F0018F11C /* CustomModalVC */ = {
			isa = PBXGroup;
			children = (
				EDC572231C7AD1210018F11C /* CustomPresentationAnimationController.swift */,
				EDC572241C7AD1210018F11C /* CustomPresentationController.swift */,
				EDC572251C7AD1210018F11C /* CustomModalViewController.swift */,
			);
			name = CustomModalVC;
			sourceTree = "<group>";
		};
		FCCBE4C75107B921E1C15ABB /* Frameworks */ = {
			isa = PBXGroup;
			children = (
				EDA09EF01BFC24C5000470CB /* CoreLocation.framework */,
				EDA736DD1BE4F14D00AC9884 /* StoreKit.framework */,
				EDA736DB1BE4F11400AC9884 /* SystemConfiguration.framework */,
				EDA736D91BE4F10E00AC9884 /* AddressBook.framework */,
				DC6E7E1A1C9BAD8E663A54F6 /* Pods.framework */,
			);
			name = Frameworks;
			sourceTree = "<group>";
		};
/* End PBXGroup section */

/* Begin PBXNativeTarget section */
		ED722B121BE09A33003DC9F2 /* MyBreakFast */ = {
			isa = PBXNativeTarget;
			buildConfigurationList = ED722B281BE09A33003DC9F2 /* Build configuration list for PBXNativeTarget "MyBreakFast" */;
			buildPhases = (
				999FD5FF2451F82DF7DAD3C7 /* Check Pods Manifest.lock */,
				ED722B0F1BE09A33003DC9F2 /* Sources */,
				ED722B101BE09A33003DC9F2 /* Frameworks */,
				ED722B111BE09A33003DC9F2 /* Resources */,
				6FF0D2C418A835404A2BB320 /* Copy Pods Resources */,
				A1301AEE978B84F4F472367B /* Embed Pods Frameworks */,
			);
			buildRules = (
			);
			dependencies = (
			);
			name = MyBreakFast;
			productName = MyBreakFast;
			productReference = ED722B131BE09A33003DC9F2 /* MyBreakFast.app */;
			productType = "com.apple.product-type.application";
		};
/* End PBXNativeTarget section */

/* Begin PBXProject section */
		ED722B0B1BE09A33003DC9F2 /* Project object */ = {
			isa = PBXProject;
			attributes = {
				LastSwiftUpdateCheck = 0710;
				LastUpgradeCheck = 0710;
				ORGANIZATIONNAME = AUK;
				TargetAttributes = {
					ED722B121BE09A33003DC9F2 = {
						CreatedOnToolsVersion = 7.1;
						DevelopmentTeam = 7ECJ337932;
						SystemCapabilities = {
							com.apple.Push = {
								enabled = 1;
							};
						};
					};
				};
			};
			buildConfigurationList = ED722B0E1BE09A33003DC9F2 /* Build configuration list for PBXProject "MyBreakFast" */;
			compatibilityVersion = "Xcode 3.2";
			developmentRegion = English;
			hasScannedForEncodings = 0;
			knownRegions = (
				en,
				Base,
			);
			mainGroup = ED722B0A1BE09A33003DC9F2;
			productRefGroup = ED722B141BE09A33003DC9F2 /* Products */;
			projectDirPath = "";
			projectRoot = "";
			targets = (
				ED722B121BE09A33003DC9F2 /* MyBreakFast */,
			);
		};
/* End PBXProject section */

/* Begin PBXResourcesBuildPhase section */
		ED722B111BE09A33003DC9F2 /* Resources */ = {
			isa = PBXResourcesBuildPhase;
			buildActionMask = 2147483647;
			files = (
				ED344CEB1C9B1536008643F9 /* CustomSegment.xib in Resources */,
				ED344CF01C9B1536008643F9 /* SideMenuCell.xib in Resources */,
				ED722B241BE09A33003DC9F2 /* LaunchScreen.storyboard in Resources */,
				ED996EAA1C2C63E70017284A /* Main.storyboard in Resources */,
				ED344CEA1C9B1536008643F9 /* CartBillView.xib in Resources */,
				ED344CED1C9B1536008643F9 /* MyOrderCell.xib in Resources */,
				ED344CEE1C9B1536008643F9 /* MyOrdersDetailsCell.xib in Resources */,
				ED344CEC1C9B1536008643F9 /* MenuItemCell.xib in Resources */,
				ED344CF11C9B1536008643F9 /* VitaminCell.xib in Resources */,
				ED344CEF1C9B1536008643F9 /* PopCell.xib in Resources */,
				ED344CE91C9B1536008643F9 /* AddOnsTableCell.xib in Resources */,
				ED722B211BE09A33003DC9F2 /* Assets.xcassets in Resources */,
				EDA736D11BE4DF3700AC9884 /* GoogleService-Info.plist in Resources */,
			);
			runOnlyForDeploymentPostprocessing = 0;
		};
/* End PBXResourcesBuildPhase section */

/* Begin PBXShellScriptBuildPhase section */
		6FF0D2C418A835404A2BB320 /* Copy Pods Resources */ = {
			isa = PBXShellScriptBuildPhase;
			buildActionMask = 2147483647;
			files = (
			);
			inputPaths = (
			);
			name = "Copy Pods Resources";
			outputPaths = (
			);
			runOnlyForDeploymentPostprocessing = 0;
			shellPath = /bin/sh;
			shellScript = "\"${SRCROOT}/Pods/Target Support Files/Pods/Pods-resources.sh\"\n";
			showEnvVarsInLog = 0;
		};
		999FD5FF2451F82DF7DAD3C7 /* Check Pods Manifest.lock */ = {
			isa = PBXShellScriptBuildPhase;
			buildActionMask = 2147483647;
			files = (
			);
			inputPaths = (
			);
			name = "Check Pods Manifest.lock";
			outputPaths = (
			);
			runOnlyForDeploymentPostprocessing = 0;
			shellPath = /bin/sh;
			shellScript = "diff \"${PODS_ROOT}/../Podfile.lock\" \"${PODS_ROOT}/Manifest.lock\" > /dev/null\nif [[ $? != 0 ]] ; then\n    cat << EOM\nerror: The sandbox is not in sync with the Podfile.lock. Run 'pod install' or update your CocoaPods installation.\nEOM\n    exit 1\nfi\n";
			showEnvVarsInLog = 0;
		};
		A1301AEE978B84F4F472367B /* Embed Pods Frameworks */ = {
			isa = PBXShellScriptBuildPhase;
			buildActionMask = 2147483647;
			files = (
			);
			inputPaths = (
			);
			name = "Embed Pods Frameworks";
			outputPaths = (
			);
			runOnlyForDeploymentPostprocessing = 0;
			shellPath = /bin/sh;
			shellScript = "\"${SRCROOT}/Pods/Target Support Files/Pods/Pods-frameworks.sh\"\n";
			showEnvVarsInLog = 0;
		};
/* End PBXShellScriptBuildPhase section */

/* Begin PBXSourcesBuildPhase section */
		ED722B0F1BE09A33003DC9F2 /* Sources */ = {
			isa = PBXSourcesBuildPhase;
			buildActionMask = 2147483647;
			files = (
				ED344C961C9B14DA008643F9 /* AppSignInVC.swift in Sources */,
				ED344CC91C9B1526008643F9 /* ChangeCell.swift in Sources */,
				ED344CDB1C9B1526008643F9 /* TimeSlotCell.swift in Sources */,
				ED344CA41C9B14DA008643F9 /* OrderStatusVC.swift in Sources */,
				ED344C9F1C9B14DA008643F9 /* LocationPickerVC.swift in Sources */,
				EDE5E03C1C4FEB690044E819 /* Kitchens+CoreDataProperties.swift in Sources */,
				ED344CF81C9B1A65008643F9 /* FilterVC.swift in Sources */,
				ED5B21831BF76D3400C65857 /* Locations+CoreDataProperties.swift in Sources */,
				EDC572281C7AD1210018F11C /* CustomModalViewController.swift in Sources */,
				ED344CD11C9B1526008643F9 /* Helper.swift in Sources */,
				ED344CD01C9B1526008643F9 /* Deliverytime.swift in Sources */,
				ED344CC71C9B1526008643F9 /* AddAddressCell.swift in Sources */,
				ED344C9C1C9B14DA008643F9 /* FeedBackVC.swift in Sources */,
				ED344CD41C9B1526008643F9 /* MyOrdersDetailsCell.swift in Sources */,
				ED722B1F1BE09A33003DC9F2 /* MyBreakFast.xcdatamodeld in Sources */,
				EDE7F1F41C57DBB30063F855 /* Coupon.swift in Sources */,
				EDCC2AE51C339F0800C15C3B /* Order.swift in Sources */,
				ED344CC81C9B1526008643F9 /* AddressCell.swift in Sources */,
				ED344C991C9B14DA008643F9 /* ContactUsVC.swift in Sources */,
				ED344CD61C9B1526008643F9 /* PaymentModeCell.swift in Sources */,
				EDC572261C7AD1210018F11C /* CustomPresentationAnimationController.swift in Sources */,
				ED344C9D1C9B14DA008643F9 /* ItemPreViewVC.swift in Sources */,
				ED5B21871BF76D3400C65857 /* Item.swift in Sources */,
				ED344CCE1C9B1526008643F9 /* Deliveryaddress.swift in Sources */,
				ED5B21851BF76D3400C65857 /* UserDetails+CoreDataProperties.swift in Sources */,
				ED5B21811BF76D3400C65857 /* TimeSlots+CoreDataProperties.swift in Sources */,
				ED344CDE1C9B1526008643F9 /* VitaminCollectionView.swift in Sources */,
				ED344CD81C9B1526008643F9 /* ProductsCell.swift in Sources */,
				EDBA06B61C00D7BC00BE09B3 /* MyOrder+CoreDataProperties.swift in Sources */,
				ED344CCA1C9B1526008643F9 /* Constants.swift in Sources */,
				ED344C9B1C9B14DA008643F9 /* DummyVC.swift in Sources */,
				ED996EB41C30CA960017284A /* UserAddress.swift in Sources */,
				EDCC2AE71C339F6500C15C3B /* OrderItem.swift in Sources */,
				ED996EB31C30CA960017284A /* UserAddress+CoreDataProperties.swift in Sources */,
				ED344C9A1C9B14DA008643F9 /* DatePickerVC.swift in Sources */,
				ED5B21801BF76D3400C65857 /* Offer.swift in Sources */,
				ED344CA31C9B14DA008643F9 /* OfferNotificationsVC.swift in Sources */,
				ED344CDC1C9B1526008643F9 /* TotalBill.swift in Sources */,
				ED5B21841BF76D3400C65857 /* Locations.swift in Sources */,
				EDBA06B71C00D7BC00BE09B3 /* MyOrder.swift in Sources */,
				ED344CD21C9B1526008643F9 /* MenuItemCell.swift in Sources */,
				ED344CA11C9B14DA008643F9 /* MyOrderDetailsVC.swift in Sources */,
				ED344CDF1C9B1526008643F9 /* Yourdetails.swift in Sources */,
				ED344CD71C9B1526008643F9 /* PopCell.swift in Sources */,
				ED5B21861BF76D3400C65857 /* Item+CoreDataProperties.swift in Sources */,
				ED344CA91C9B14DA008643F9 /* TermsVC.swift in Sources */,
				ED344CAA1C9B14DA008643F9 /* UserOrderDetails.swift in Sources */,
				ED344CDD1C9B1526008643F9 /* VitaminCell.swift in Sources */,
				ED344CCB1C9B1526008643F9 /* CouponCodeCell.swift in Sources */,
				ED722B171BE09A33003DC9F2 /* AppDelegate.swift in Sources */,
				ED344CD31C9B1526008643F9 /* MyOrderCell.swift in Sources */,
				ED344CCC1C9B1526008643F9 /* CustomSegment.swift in Sources */,
				ED344CF41C9B19EB008643F9 /* FloatRatingView.swift in Sources */,
				ED344CC61C9B1526008643F9 /* ActivityIndicator.swift in Sources */,
				ED344C951C9B14DA008643F9 /* AddAddressVC.swift in Sources */,
				ED344C971C9B14DA008643F9 /* CartBillView.swift in Sources */,
				ED709AA31C29AA960068528C /* Fooddetails.swift in Sources */,
				ED344CAB1C9B14DA008643F9 /* ViewController.swift in Sources */,
				ED344CA71C9B14DA008643F9 /* SideMenuContentVC.swift in Sources */,
				ED344C981C9B14DA008643F9 /* CartVC.swift in Sources */,
				ED344CCF1C9B1526008643F9 /* Deliverylocation.swift in Sources */,
				ED344C941C9B14DA008643F9 /* AboutUsVC.swift in Sources */,
				ED344CDA1C9B1526008643F9 /* SideMenuCell.swift in Sources */,
				ED344CA51C9B14DA008643F9 /* ReferralVC.swift in Sources */,
				ED344CA21C9B14DA008643F9 /* MyOrdersVC.swift in Sources */,
				ED344CD51C9B1526008643F9 /* OffersCell.swift in Sources */,
				ED344CA01C9B14DA008643F9 /* MenuVC.swift in Sources */,
				ED344C9E1C9B14DA008643F9 /* LocationPicker.swift in Sources */,
				EDE5E03D1C4FEB690044E819 /* Kitchens.swift in Sources */,
				ED5B21821BF76D3400C65857 /* TimeSlots.swift in Sources */,
				ED344CA61C9B14DA008643F9 /* RegistrationVC.swift in Sources */,
				EDC572271C7AD1210018F11C /* CustomPresentationController.swift in Sources */,
				ED709AA41C29AA960068528C /* Fooddetails+CoreDataProperties.swift in Sources */,
				ED344CA81C9B14DA008643F9 /* SignInVC.swift in Sources */,
				ED5B217F1BF76D3400C65857 /* Offer+CoreDataProperties.swift in Sources */,
				ED344CD91C9B1526008643F9 /* RedeemCell.swift in Sources */,
				ED5B216F1BF612B700C65857 /* UserDetails.swift in Sources */,
				ED344CCD1C9B1526008643F9 /* DatePicker.swift in Sources */,
			);
			runOnlyForDeploymentPostprocessing = 0;
		};
/* End PBXSourcesBuildPhase section */

/* Begin PBXVariantGroup section */
		ED722B221BE09A33003DC9F2 /* LaunchScreen.storyboard */ = {
			isa = PBXVariantGroup;
			children = (
				ED722B231BE09A33003DC9F2 /* Base */,
			);
			name = LaunchScreen.storyboard;
			sourceTree = "<group>";
		};
		ED996EA81C2C63E70017284A /* Main.storyboard */ = {
			isa = PBXVariantGroup;
			children = (
				ED996EA91C2C63E70017284A /* Base */,
			);
			name = Main.storyboard;
			sourceTree = "<group>";
		};
/* End PBXVariantGroup section */

/* Begin XCBuildConfiguration section */
		ED722B261BE09A33003DC9F2 /* Debug */ = {
			isa = XCBuildConfiguration;
			buildSettings = {
				ALWAYS_SEARCH_USER_PATHS = NO;
				CLANG_CXX_LANGUAGE_STANDARD = "gnu++0x";
				CLANG_CXX_LIBRARY = "libc++";
				CLANG_ENABLE_MODULES = YES;
				CLANG_ENABLE_OBJC_ARC = YES;
				CLANG_WARN_BOOL_CONVERSION = YES;
				CLANG_WARN_CONSTANT_CONVERSION = YES;
				CLANG_WARN_DIRECT_OBJC_ISA_USAGE = YES_ERROR;
				CLANG_WARN_EMPTY_BODY = YES;
				CLANG_WARN_ENUM_CONVERSION = YES;
				CLANG_WARN_INT_CONVERSION = YES;
				CLANG_WARN_OBJC_ROOT_CLASS = YES_ERROR;
				CLANG_WARN_UNREACHABLE_CODE = YES;
				CLANG_WARN__DUPLICATE_METHOD_MATCH = YES;
				CODE_SIGN_IDENTITY = "iPhone Developer: Mannat Wadehra (TX6YJ82MD9)";
				"CODE_SIGN_IDENTITY[sdk=iphoneos*]" = "iPhone Developer: Mannat Wadehra (TX6YJ82MD9)";
				COPY_PHASE_STRIP = NO;
				DEBUG_INFORMATION_FORMAT = dwarf;
				ENABLE_STRICT_OBJC_MSGSEND = YES;
				ENABLE_TESTABILITY = YES;
				GCC_C_LANGUAGE_STANDARD = gnu99;
				GCC_DYNAMIC_NO_PIC = NO;
				GCC_NO_COMMON_BLOCKS = YES;
				GCC_OPTIMIZATION_LEVEL = 0;
				GCC_PREPROCESSOR_DEFINITIONS = (
					"DEBUG=1",
					"$(inherited)",
				);
				GCC_WARN_64_TO_32_BIT_CONVERSION = YES;
				GCC_WARN_ABOUT_RETURN_TYPE = YES_ERROR;
				GCC_WARN_UNDECLARED_SELECTOR = YES;
				GCC_WARN_UNINITIALIZED_AUTOS = YES_AGGRESSIVE;
				GCC_WARN_UNUSED_FUNCTION = YES;
				GCC_WARN_UNUSED_VARIABLE = YES;
				IPHONEOS_DEPLOYMENT_TARGET = 8.0;
				MTL_ENABLE_DEBUG_INFO = YES;
				ONLY_ACTIVE_ARCH = YES;
				PROVISIONING_PROFILE = "";
				SDKROOT = iphoneos;
				SWIFT_OPTIMIZATION_LEVEL = "-Onone";
				TARGETED_DEVICE_FAMILY = "1,2";
			};
			name = Debug;
		};
		ED722B271BE09A33003DC9F2 /* Release */ = {
			isa = XCBuildConfiguration;
			buildSettings = {
				ALWAYS_SEARCH_USER_PATHS = NO;
				CLANG_CXX_LANGUAGE_STANDARD = "gnu++0x";
				CLANG_CXX_LIBRARY = "libc++";
				CLANG_ENABLE_MODULES = YES;
				CLANG_ENABLE_OBJC_ARC = YES;
				CLANG_WARN_BOOL_CONVERSION = YES;
				CLANG_WARN_CONSTANT_CONVERSION = YES;
				CLANG_WARN_DIRECT_OBJC_ISA_USAGE = YES_ERROR;
				CLANG_WARN_EMPTY_BODY = YES;
				CLANG_WARN_ENUM_CONVERSION = YES;
				CLANG_WARN_INT_CONVERSION = YES;
				CLANG_WARN_OBJC_ROOT_CLASS = YES_ERROR;
				CLANG_WARN_UNREACHABLE_CODE = YES;
				CLANG_WARN__DUPLICATE_METHOD_MATCH = YES;
				CODE_SIGN_IDENTITY = "iPhone Distribution: Mannat Wadehra (7ECJ337932)";
				"CODE_SIGN_IDENTITY[sdk=iphoneos*]" = "iPhone Distribution: Mannat Wadehra (7ECJ337932)";
				COPY_PHASE_STRIP = NO;
				DEBUG_INFORMATION_FORMAT = "dwarf-with-dsym";
				ENABLE_NS_ASSERTIONS = NO;
				ENABLE_STRICT_OBJC_MSGSEND = YES;
				GCC_C_LANGUAGE_STANDARD = gnu99;
				GCC_NO_COMMON_BLOCKS = YES;
				GCC_WARN_64_TO_32_BIT_CONVERSION = YES;
				GCC_WARN_ABOUT_RETURN_TYPE = YES_ERROR;
				GCC_WARN_UNDECLARED_SELECTOR = YES;
				GCC_WARN_UNINITIALIZED_AUTOS = YES_AGGRESSIVE;
				GCC_WARN_UNUSED_FUNCTION = YES;
				GCC_WARN_UNUSED_VARIABLE = YES;
				IPHONEOS_DEPLOYMENT_TARGET = 8.0;
				MTL_ENABLE_DEBUG_INFO = NO;
				PROVISIONING_PROFILE = "";
				SDKROOT = iphoneos;
				TARGETED_DEVICE_FAMILY = "1,2";
				VALIDATE_PRODUCT = YES;
			};
			name = Release;
		};
		ED722B291BE09A33003DC9F2 /* Debug */ = {
			isa = XCBuildConfiguration;
			baseConfigurationReference = A83BCDDAA0B52B48CF8F04BD /* Pods.debug.xcconfig */;
			buildSettings = {
				ASSETCATALOG_COMPILER_APPICON_NAME = AppIcon;
				CLANG_ENABLE_MODULES = YES;
				CODE_SIGN_IDENTITY = "iPhone Developer: Mannat Wadehra (TX6YJ82MD9)";
				"CODE_SIGN_IDENTITY[sdk=iphoneos*]" = "iPhone Developer: Mannat Wadehra (TX6YJ82MD9)";
				ENABLE_BITCODE = NO;
				FRAMEWORK_SEARCH_PATHS = (
					"$(inherited)",
					"$(PROJECT_DIR)/MyBreakFast",
					"$(PROJECT_DIR)/MyBreakFast/Resources",
				);
				HEADER_SEARCH_PATHS = (
					"$(inherited)",
					"${PODS_ROOT}/Google/Headers",
					"$(inherited)",
					"\"${PODS_ROOT}/Headers/Public\"",
					"\"${PODS_ROOT}/Headers/Public/Google\"",
					"\"${PODS_ROOT}/Headers/Public/Google/Google\"",
					"\"${PODS_ROOT}/Headers/Public/GoogleAppUtilities\"",
					"\"${PODS_ROOT}/Headers/Public/GoogleAuthUtilities\"",
					"\"${PODS_ROOT}/Headers/Public/GoogleInterchangeUtilities\"",
					"\"${PODS_ROOT}/Headers/Public/GoogleNetworkingUtilities\"",
					"\"${PODS_ROOT}/Headers/Public/GoogleSignIn\"",
					"\"${PODS_ROOT}/Headers/Public/GoogleSymbolUtilities\"",
					"\"${PODS_ROOT}/Headers/Public/GoogleUtilities\"",
				);
				INFOPLIST_FILE = MyBreakFast/Info.plist;
				IPHONEOS_DEPLOYMENT_TARGET = 8.0;
				LD_RUNPATH_SEARCH_PATHS = "$(inherited) @executable_path/Frameworks";
				OTHER_LDFLAGS = "$(inherited)";
				PRODUCT_BUNDLE_IDENTIFIER = com.firsteat.firsteat;
				PRODUCT_NAME = "$(TARGET_NAME)";
				PROVISIONING_PROFILE = "";
				SWIFT_OBJC_BRIDGING_HEADER = "MyBreakFast/MyBreakFast-Bridging-Header.h";
				SWIFT_OPTIMIZATION_LEVEL = "-Onone";
				TARGETED_DEVICE_FAMILY = 1;
			};
			name = Debug;
		};
		ED722B2A1BE09A33003DC9F2 /* Release */ = {
			isa = XCBuildConfiguration;
			baseConfigurationReference = C02CB2CC5C006A15257050EC /* Pods.release.xcconfig */;
			buildSettings = {
				ASSETCATALOG_COMPILER_APPICON_NAME = AppIcon;
				CLANG_ENABLE_MODULES = YES;
				CODE_SIGN_IDENTITY = "iPhone Distribution: Mannat Wadehra (7ECJ337932)";
				"CODE_SIGN_IDENTITY[sdk=iphoneos*]" = "iPhone Distribution: Mannat Wadehra (7ECJ337932)";
				ENABLE_BITCODE = NO;
				FRAMEWORK_SEARCH_PATHS = (
					"$(inherited)",
					"$(PROJECT_DIR)/MyBreakFast",
					"$(PROJECT_DIR)/MyBreakFast/Resources",
				);
				HEADER_SEARCH_PATHS = (
					"$(inherited)",
					"${PODS_ROOT}/Google/Headers",
					"$(inherited)",
					"\"${PODS_ROOT}/Headers/Public\"",
					"\"${PODS_ROOT}/Headers/Public/Google\"",
					"\"${PODS_ROOT}/Headers/Public/Google/Google\"",
					"\"${PODS_ROOT}/Headers/Public/GoogleAppUtilities\"",
					"\"${PODS_ROOT}/Headers/Public/GoogleAuthUtilities\"",
					"\"${PODS_ROOT}/Headers/Public/GoogleInterchangeUtilities\"",
					"\"${PODS_ROOT}/Headers/Public/GoogleNetworkingUtilities\"",
					"\"${PODS_ROOT}/Headers/Public/GoogleSignIn\"",
					"\"${PODS_ROOT}/Headers/Public/GoogleSymbolUtilities\"",
					"\"${PODS_ROOT}/Headers/Public/GoogleUtilities\"",
				);
				INFOPLIST_FILE = MyBreakFast/Info.plist;
				IPHONEOS_DEPLOYMENT_TARGET = 8.0;
				LD_RUNPATH_SEARCH_PATHS = "$(inherited) @executable_path/Frameworks";
				OTHER_LDFLAGS = "$(inherited)";
				PRODUCT_BUNDLE_IDENTIFIER = com.firsteat.firsteat;
				PRODUCT_NAME = "$(TARGET_NAME)";
				PROVISIONING_PROFILE = "";
				SWIFT_OBJC_BRIDGING_HEADER = "MyBreakFast/MyBreakFast-Bridging-Header.h";
				TARGETED_DEVICE_FAMILY = 1;
			};
			name = Release;
		};
/* End XCBuildConfiguration section */

/* Begin XCConfigurationList section */
		ED722B0E1BE09A33003DC9F2 /* Build configuration list for PBXProject "MyBreakFast" */ = {
			isa = XCConfigurationList;
			buildConfigurations = (
				ED722B261BE09A33003DC9F2 /* Debug */,
				ED722B271BE09A33003DC9F2 /* Release */,
			);
			defaultConfigurationIsVisible = 0;
			defaultConfigurationName = Release;
		};
		ED722B281BE09A33003DC9F2 /* Build configuration list for PBXNativeTarget "MyBreakFast" */ = {
			isa = XCConfigurationList;
			buildConfigurations = (
				ED722B291BE09A33003DC9F2 /* Debug */,
				ED722B2A1BE09A33003DC9F2 /* Release */,
			);
			defaultConfigurationIsVisible = 0;
			defaultConfigurationName = Release;
		};
/* End XCConfigurationList section */

/* Begin XCVersionGroup section */
		ED722B1D1BE09A33003DC9F2 /* MyBreakFast.xcdatamodeld */ = {
			isa = XCVersionGroup;
			children = (
				ED8687681C973271008DCCAC /* MyBreakFast 2.xcdatamodel */,
				ED722B1E1BE09A33003DC9F2 /* MyBreakFast.xcdatamodel */,
			);
			currentVersion = ED8687681C973271008DCCAC /* MyBreakFast 2.xcdatamodel */;
			path = MyBreakFast.xcdatamodeld;
			sourceTree = "<group>";
			versionGroupType = wrapper.xcdatamodel;
		};
/* End XCVersionGroup section */
	};
	rootObject = ED722B0B1BE09A33003DC9F2 /* Project object */;
}
